
Microsoft Visual Studio Solution File, Format Version 12.00
# Visual Studio 2013
VisualStudioVersion = 12.0.30501.0
MinimumVisualStudioVersion = 10.0.40219.1
Project("{FAE04EC0-301F-11D3-BF4B-00C04F79EFBC}") = "01. Dropdown", "01. Dropdown\01. Dropdown.csproj", "{C491F9C7-3BFC-420D-A577-08202BBCEAB4}"
EndProject
Project("{FAE04EC0-301F-11D3-BF4B-00C04F79EFBC}") = "02. MessageBox", "02. MessageBox\02. MessageBox.csproj", "{2059C999-60D6-4615-B815-630ADC0F7AB8}"
EndProject
Global
	GlobalSection(SolutionConfigurationPlatforms) = preSolution
		Debug|Any CPU = Debug|Any CPU
		Release|Any CPU = Release|Any CPU
	EndGlobalSection
	GlobalSection(ProjectConfigurationPlatforms) = postSolution
		{C491F9C7-3BFC-420D-A577-08202BBCEAB4}.Debug|Any CPU.ActiveCfg = Debug|Any CPU
		{C491F9C7-3BFC-420D-A577-08202BBCEAB4}.Debug|Any CPU.Build.0 = Debug|Any CPU
		{C491F9C7-3BFC-420D-A577-08202BBCEAB4}.Release|Any CPU.ActiveCfg = Release|Any CPU
		{C491F9C7-3BFC-420D-A577-08202BBCEAB4}.Release|Any CPU.Build.0 = Release|Any CPU
		{2059C999-60D6-4615-B815-630ADC0F7AB8}.Debug|Any CPU.ActiveCfg = Debug|Any CPU
		{2059C999-60D6-4615-B815-630ADC0F7AB8}.Debug|Any CPU.Build.0 = Debug|Any CPU
		{2059C999-60D6-4615-B815-630ADC0F7AB8}.Release|Any CPU.ActiveCfg = Release|Any CPU
		{2059C999-60D6-4615-B815-630ADC0F7AB8}.Release|Any CPU.Build.0 = Release|Any CPU
	EndGlobalSection
	GlobalSection(SolutionProperties) = preSolution
		HideSolutionNode = FALSE
	EndGlobalSection
EndGlobal
