
Microsoft Visual Studio Solution File, Format Version 12.00
# Visual Studio 2012
Project("{FAE04EC0-301F-11D3-BF4B-00C04F79EFBC}") = "06. Neightbours compare", "06. Neightbours compare\06. Neightbours compare.csproj", "{509BFF26-3139-43E8-8664-1570DFCD493A}"
EndProject
Project("{FAE04EC0-301F-11D3-BF4B-00C04F79EFBC}") = "07. Neighbour search", "07. Neighbour search\07. Neighbour search.csproj", "{F2833FD0-4D59-40B6-9EB8-6949673C02DD}"
EndProject
Project("{FAE04EC0-301F-11D3-BF4B-00C04F79EFBC}") = "01. Last digit as word", "01. Last digit as word\01. Last digit as word.csproj", "{1BD4AAF2-1E1E-45CC-97A9-805DFAE3A39C}"
EndProject
Project("{FAE04EC0-301F-11D3-BF4B-00C04F79EFBC}") = "02. Reverse digits", "02. Reverse digits\02. Reverse digits.csproj", "{6202D7B3-C204-45B4-A7FA-C66ECDC04F43}"
EndProject
Project("{FAE04EC0-301F-11D3-BF4B-00C04F79EFBC}") = "03. Find word in text", "03. Find word in text\03. Find word in text.csproj", "{E2B9F337-22F3-4D15-B068-914AAB5D59F1}"
EndProject
Project("{FAE04EC0-301F-11D3-BF4B-00C04F79EFBC}") = "04. Count divs", "04. Count divs\04. Count divs.csproj", "{67C7C7CC-A951-4588-A180-F67B5119AA8F}"
EndProject
Project("{FAE04EC0-301F-11D3-BF4B-00C04F79EFBC}") = "05. Count number is array", "05. Count number is array\05. Count number is array.csproj", "{83D671ED-AD92-4D8E-BD6C-B421D6446370}"
EndProject
Global
	GlobalSection(SolutionConfigurationPlatforms) = preSolution
		Debug|Any CPU = Debug|Any CPU
		Release|Any CPU = Release|Any CPU
	EndGlobalSection
	GlobalSection(ProjectConfigurationPlatforms) = postSolution
		{509BFF26-3139-43E8-8664-1570DFCD493A}.Debug|Any CPU.ActiveCfg = Debug|Any CPU
		{509BFF26-3139-43E8-8664-1570DFCD493A}.Debug|Any CPU.Build.0 = Debug|Any CPU
		{509BFF26-3139-43E8-8664-1570DFCD493A}.Release|Any CPU.ActiveCfg = Release|Any CPU
		{509BFF26-3139-43E8-8664-1570DFCD493A}.Release|Any CPU.Build.0 = Release|Any CPU
		{F2833FD0-4D59-40B6-9EB8-6949673C02DD}.Debug|Any CPU.ActiveCfg = Debug|Any CPU
		{F2833FD0-4D59-40B6-9EB8-6949673C02DD}.Debug|Any CPU.Build.0 = Debug|Any CPU
		{F2833FD0-4D59-40B6-9EB8-6949673C02DD}.Release|Any CPU.ActiveCfg = Release|Any CPU
		{F2833FD0-4D59-40B6-9EB8-6949673C02DD}.Release|Any CPU.Build.0 = Release|Any CPU
		{1BD4AAF2-1E1E-45CC-97A9-805DFAE3A39C}.Debug|Any CPU.ActiveCfg = Debug|Any CPU
		{1BD4AAF2-1E1E-45CC-97A9-805DFAE3A39C}.Debug|Any CPU.Build.0 = Debug|Any CPU
		{1BD4AAF2-1E1E-45CC-97A9-805DFAE3A39C}.Release|Any CPU.ActiveCfg = Release|Any CPU
		{1BD4AAF2-1E1E-45CC-97A9-805DFAE3A39C}.Release|Any CPU.Build.0 = Release|Any CPU
		{6202D7B3-C204-45B4-A7FA-C66ECDC04F43}.Debug|Any CPU.ActiveCfg = Debug|Any CPU
		{6202D7B3-C204-45B4-A7FA-C66ECDC04F43}.Debug|Any CPU.Build.0 = Debug|Any CPU
		{6202D7B3-C204-45B4-A7FA-C66ECDC04F43}.Release|Any CPU.ActiveCfg = Release|Any CPU
		{6202D7B3-C204-45B4-A7FA-C66ECDC04F43}.Release|Any CPU.Build.0 = Release|Any CPU
		{E2B9F337-22F3-4D15-B068-914AAB5D59F1}.Debug|Any CPU.ActiveCfg = Debug|Any CPU
		{E2B9F337-22F3-4D15-B068-914AAB5D59F1}.Debug|Any CPU.Build.0 = Debug|Any CPU
		{E2B9F337-22F3-4D15-B068-914AAB5D59F1}.Release|Any CPU.ActiveCfg = Release|Any CPU
		{E2B9F337-22F3-4D15-B068-914AAB5D59F1}.Release|Any CPU.Build.0 = Release|Any CPU
		{67C7C7CC-A951-4588-A180-F67B5119AA8F}.Debug|Any CPU.ActiveCfg = Debug|Any CPU
		{67C7C7CC-A951-4588-A180-F67B5119AA8F}.Debug|Any CPU.Build.0 = Debug|Any CPU
		{67C7C7CC-A951-4588-A180-F67B5119AA8F}.Release|Any CPU.ActiveCfg = Release|Any CPU
		{67C7C7CC-A951-4588-A180-F67B5119AA8F}.Release|Any CPU.Build.0 = Release|Any CPU
		{83D671ED-AD92-4D8E-BD6C-B421D6446370}.Debug|Any CPU.ActiveCfg = Debug|Any CPU
		{83D671ED-AD92-4D8E-BD6C-B421D6446370}.Debug|Any CPU.Build.0 = Debug|Any CPU
		{83D671ED-AD92-4D8E-BD6C-B421D6446370}.Release|Any CPU.ActiveCfg = Release|Any CPU
		{83D671ED-AD92-4D8E-BD6C-B421D6446370}.Release|Any CPU.Build.0 = Release|Any CPU
	EndGlobalSection
	GlobalSection(SolutionProperties) = preSolution
		HideSolutionNode = FALSE
	EndGlobalSection
EndGlobal
