
Microsoft Visual Studio Solution File, Format Version 12.00
# Visual Studio 2013
VisualStudioVersion = 12.0.30501.0
MinimumVisualStudioVersion = 10.0.40219.1
Project("{FAE04EC0-301F-11D3-BF4B-00C04F79EFBC}") = "01.TelerikAndYoutube", "01.TelerikAndYoutube\01.TelerikAndYoutube.csproj", "{0A81E5AE-52DE-46D6-A32F-9528EEAB9FD1}"
EndProject
Project("{FAE04EC0-301F-11D3-BF4B-00C04F79EFBC}") = "02. Spiral", "02. Spiral\02. Spiral.csproj", "{B7D8570B-92C4-4C29-B687-B582C4718B7F}"
EndProject
Global
	GlobalSection(SolutionConfigurationPlatforms) = preSolution
		Debug|Any CPU = Debug|Any CPU
		Release|Any CPU = Release|Any CPU
	EndGlobalSection
	GlobalSection(ProjectConfigurationPlatforms) = postSolution
		{0A81E5AE-52DE-46D6-A32F-9528EEAB9FD1}.Debug|Any CPU.ActiveCfg = Debug|Any CPU
		{0A81E5AE-52DE-46D6-A32F-9528EEAB9FD1}.Debug|Any CPU.Build.0 = Debug|Any CPU
		{0A81E5AE-52DE-46D6-A32F-9528EEAB9FD1}.Release|Any CPU.ActiveCfg = Release|Any CPU
		{0A81E5AE-52DE-46D6-A32F-9528EEAB9FD1}.Release|Any CPU.Build.0 = Release|Any CPU
		{B7D8570B-92C4-4C29-B687-B582C4718B7F}.Debug|Any CPU.ActiveCfg = Debug|Any CPU
		{B7D8570B-92C4-4C29-B687-B582C4718B7F}.Debug|Any CPU.Build.0 = Debug|Any CPU
		{B7D8570B-92C4-4C29-B687-B582C4718B7F}.Release|Any CPU.ActiveCfg = Release|Any CPU
		{B7D8570B-92C4-4C29-B687-B582C4718B7F}.Release|Any CPU.Build.0 = Release|Any CPU
	EndGlobalSection
	GlobalSection(SolutionProperties) = preSolution
		HideSolutionNode = FALSE
	EndGlobalSection
EndGlobal
